// !$*UTF8*$!
{
	archiveVersion = 1;
	classes = {
	};
	objectVersion = 46;
	objects = {

/* Begin PBXBuildFile section */
		9A0C1D371A2E43C900E24CC0 /* main.m in Sources */ = {isa = PBXBuildFile; fileRef = 9A0C1D361A2E43C900E24CC0 /* main.m */; };
		9A0C1D3A1A2E43C900E24CC0 /* AppDelegate.m in Sources */ = {isa = PBXBuildFile; fileRef = 9A0C1D391A2E43C900E24CC0 /* AppDelegate.m */; };
		9A0C1D3D1A2E43C900E24CC0 /* ViewController.m in Sources */ = {isa = PBXBuildFile; fileRef = 9A0C1D3C1A2E43C900E24CC0 /* ViewController.m */; };
		9A0C1D401A2E43C900E24CC0 /* Main.storyboard in Resources */ = {isa = PBXBuildFile; fileRef = 9A0C1D3E1A2E43C900E24CC0 /* Main.storyboard */; };
		9A0C1D421A2E43C900E24CC0 /* Images.xcassets in Resources */ = {isa = PBXBuildFile; fileRef = 9A0C1D411A2E43C900E24CC0 /* Images.xcassets */; };
		9A0C1D451A2E43C900E24CC0 /* LaunchScreen.xib in Resources */ = {isa = PBXBuildFile; fileRef = 9A0C1D431A2E43C900E24CC0 /* LaunchScreen.xib */; };
		9A0C1D5C1A2E440200E24CC0 /* SMPAfariaHelper.mm in Sources */ = {isa = PBXBuildFile; fileRef = 9A0C1D5B1A2E440200E24CC0 /* SMPAfariaHelper.mm */; };
		9A1739C21F1D19CA00A37825 /* SMPKeychainCertProviderPlugin.m in Sources */ = {isa = PBXBuildFile; fileRef = 9A1739C11F1D19CA00A37825 /* SMPKeychainCertProviderPlugin.m */; };
/* End PBXBuildFile section */

/* Begin PBXFileReference section */
		9A0C1D311A2E43C900E24CC0 /* keychainHelper.app */ = {isa = PBXFileReference; explicitFileType = wrapper.application; includeInIndex = 0; path = keychainHelper.app; sourceTree = BUILT_PRODUCTS_DIR; };
		9A0C1D351A2E43C900E24CC0 /* Info.plist */ = {isa = PBXFileReference; lastKnownFileType = text.plist.xml; path = Info.plist; sourceTree = "<group>"; };
		9A0C1D361A2E43C900E24CC0 /* main.m */ = {isa = PBXFileReference; lastKnownFileType = sourcecode.c.objc; path = main.m; sourceTree = "<group>"; };
		9A0C1D381A2E43C900E24CC0 /* AppDelegate.h */ = {isa = PBXFileReference; lastKnownFileType = sourcecode.c.h; path = AppDelegate.h; sourceTree = "<group>"; };
		9A0C1D391A2E43C900E24CC0 /* AppDelegate.m */ = {isa = PBXFileReference; lastKnownFileType = sourcecode.c.objc; path = AppDelegate.m; sourceTree = "<group>"; };
		9A0C1D3B1A2E43C900E24CC0 /* ViewController.h */ = {isa = PBXFileReference; lastKnownFileType = sourcecode.c.h; path = ViewController.h; sourceTree = "<group>"; };
		9A0C1D3C1A2E43C900E24CC0 /* ViewController.m */ = {isa = PBXFileReference; lastKnownFileType = sourcecode.c.objc; path = ViewController.m; sourceTree = "<group>"; };
		9A0C1D3F1A2E43C900E24CC0 /* Base */ = {isa = PBXFileReference; lastKnownFileType = file.storyboard; name = Base; path = Base.lproj/Main.storyboard; sourceTree = "<group>"; };
		9A0C1D411A2E43C900E24CC0 /* Images.xcassets */ = {isa = PBXFileReference; lastKnownFileType = folder.assetcatalog; path = Images.xcassets; sourceTree = "<group>"; };
		9A0C1D441A2E43C900E24CC0 /* Base */ = {isa = PBXFileReference; lastKnownFileType = file.xib; name = Base; path = Base.lproj/LaunchScreen.xib; sourceTree = "<group>"; };
		9A0C1D5A1A2E43F500E24CC0 /* SMPAfariaHelper.h */ = {isa = PBXFileReference; lastKnownFileType = sourcecode.c.h; path = SMPAfariaHelper.h; sourceTree = "<group>"; };
		9A0C1D5B1A2E440200E24CC0 /* SMPAfariaHelper.mm */ = {isa = PBXFileReference; fileEncoding = 4; lastKnownFileType = sourcecode.cpp.objcpp; path = SMPAfariaHelper.mm; sourceTree = "<group>"; };
		9A0C1D5D1A2E7DB300E24CC0 /* keychainHelper.entitlements */ = {isa = PBXFileReference; lastKnownFileType = text.xml; path = keychainHelper.entitlements; sourceTree = "<group>"; };
		9A1739C11F1D19CA00A37825 /* SMPKeychainCertProviderPlugin.m */ = {isa = PBXFileReference; fileEncoding = 4; lastKnownFileType = sourcecode.c.objc; path = SMPKeychainCertProviderPlugin.m; sourceTree = "<group>"; };
		9A1739C41F1D1A0C00A37825 /* SMPKeychainCertProviderPlugin.h */ = {isa = PBXFileReference; lastKnownFileType = sourcecode.c.h; path = SMPKeychainCertProviderPlugin.h; sourceTree = "<group>"; };
		9A99A0491EAABDAF00E5F9D6 /* keychainHelper copy-Info.plist */ = {isa = PBXFileReference; lastKnownFileType = text.plist.xml; name = "keychainHelper copy-Info.plist"; path = "/Users/i826633/Documents/source/git826633/keychainHelper/keychainHelper copy-Info.plist"; sourceTree = "<absolute>"; };
		9A99A04A1EAABDF800E5F9D6 /* keychainHelper2.entitlements */ = {isa = PBXFileReference; lastKnownFileType = text.plist.entitlements; path = keychainHelper2.entitlements; sourceTree = SOURCE_ROOT; };
/* End PBXFileReference section */

/* Begin PBXFrameworksBuildPhase section */
		9A0C1D2E1A2E43C900E24CC0 /* Frameworks */ = {
			isa = PBXFrameworksBuildPhase;
			buildActionMask = 2147483647;
			files = (
			);
			runOnlyForDeploymentPostprocessing = 0;
		};
/* End PBXFrameworksBuildPhase section */

/* Begin PBXGroup section */
		9A0C1D281A2E43C900E24CC0 = {
			isa = PBXGroup;
			children = (
				9A0C1D331A2E43C900E24CC0 /* keychainHelper */,
				9A0C1D321A2E43C900E24CC0 /* Products */,
				9A99A0491EAABDAF00E5F9D6 /* keychainHelper copy-Info.plist */,
			);
			sourceTree = "<group>";
		};
		9A0C1D321A2E43C900E24CC0 /* Products */ = {
			isa = PBXGroup;
			children = (
				9A0C1D311A2E43C900E24CC0 /* keychainHelper.app */,
			);
			name = Products;
			sourceTree = "<group>";
		};
		9A0C1D331A2E43C900E24CC0 /* keychainHelper */ = {
			isa = PBXGroup;
			children = (
				9A1739C41F1D1A0C00A37825 /* SMPKeychainCertProviderPlugin.h */,
				9A1739C11F1D19CA00A37825 /* SMPKeychainCertProviderPlugin.m */,
				9A99A04A1EAABDF800E5F9D6 /* keychainHelper2.entitlements */,
				9A0C1D5D1A2E7DB300E24CC0 /* keychainHelper.entitlements */,
				9A0C1D5B1A2E440200E24CC0 /* SMPAfariaHelper.mm */,
				9A0C1D5A1A2E43F500E24CC0 /* SMPAfariaHelper.h */,
				9A0C1D381A2E43C900E24CC0 /* AppDelegate.h */,
				9A0C1D391A2E43C900E24CC0 /* AppDelegate.m */,
				9A0C1D3B1A2E43C900E24CC0 /* ViewController.h */,
				9A0C1D3C1A2E43C900E24CC0 /* ViewController.m */,
				9A0C1D3E1A2E43C900E24CC0 /* Main.storyboard */,
				9A0C1D411A2E43C900E24CC0 /* Images.xcassets */,
				9A0C1D431A2E43C900E24CC0 /* LaunchScreen.xib */,
				9A0C1D341A2E43C900E24CC0 /* Supporting Files */,
			);
			path = keychainHelper;
			sourceTree = "<group>";
		};
		9A0C1D341A2E43C900E24CC0 /* Supporting Files */ = {
			isa = PBXGroup;
			children = (
				9A0C1D351A2E43C900E24CC0 /* Info.plist */,
				9A0C1D361A2E43C900E24CC0 /* main.m */,
			);
			name = "Supporting Files";
			sourceTree = "<group>";
		};
/* End PBXGroup section */

/* Begin PBXNativeTarget section */
		9A0C1D301A2E43C900E24CC0 /* keychainHelper */ = {
			isa = PBXNativeTarget;
			buildConfigurationList = 9A0C1D541A2E43C900E24CC0 /* Build configuration list for PBXNativeTarget "keychainHelper" */;
			buildPhases = (
				9A0C1D2D1A2E43C900E24CC0 /* Sources */,
				9A0C1D2E1A2E43C900E24CC0 /* Frameworks */,
				9A0C1D2F1A2E43C900E24CC0 /* Resources */,
			);
			buildRules = (
			);
			dependencies = (
			);
			name = keychainHelper;
			productName = keychainHelper;
			productReference = 9A0C1D311A2E43C900E24CC0 /* keychainHelper.app */;
			productType = "com.apple.product-type.application";
		};
/* End PBXNativeTarget section */

/* Begin PBXProject section */
		9A0C1D291A2E43C900E24CC0 /* Project object */ = {
			isa = PBXProject;
			attributes = {
				LastUpgradeCheck = 0610;
				ORGANIZATIONNAME = "SAP Kapsel";
				TargetAttributes = {
					9A0C1D301A2E43C900E24CC0 = {
						CreatedOnToolsVersion = 6.1;
						DevelopmentTeam = 4FE7U4H495;
						ProvisioningStyle = Automatic;
						SystemCapabilities = {
							com.apple.ApplicationGroups.iOS = {
								enabled = 0;
							};
							com.apple.Keychain = {
								enabled = 1;
							};
						};
					};
				};
			};
			buildConfigurationList = 9A0C1D2C1A2E43C900E24CC0 /* Build configuration list for PBXProject "keychainHelper" */;
			compatibilityVersion = "Xcode 3.2";
			developmentRegion = English;
			hasScannedForEncodings = 0;
			knownRegions = (
				en,
				Base,
			);
			mainGroup = 9A0C1D281A2E43C900E24CC0;
			productRefGroup = 9A0C1D321A2E43C900E24CC0 /* Products */;
			projectDirPath = "";
			projectRoot = "";
			targets = (
				9A0C1D301A2E43C900E24CC0 /* keychainHelper */,
			);
		};
/* End PBXProject section */

/* Begin PBXResourcesBuildPhase section */
		9A0C1D2F1A2E43C900E24CC0 /* Resources */ = {
			isa = PBXResourcesBuildPhase;
			buildActionMask = 2147483647;
			files = (
				9A0C1D401A2E43C900E24CC0 /* Main.storyboard in Resources */,
				9A0C1D451A2E43C900E24CC0 /* LaunchScreen.xib in Resources */,
				9A0C1D421A2E43C900E24CC0 /* Images.xcassets in Resources */,
			);
			runOnlyForDeploymentPostprocessing = 0;
		};
/* End PBXResourcesBuildPhase section */

/* Begin PBXSourcesBuildPhase section */
		9A0C1D2D1A2E43C900E24CC0 /* Sources */ = {
			isa = PBXSourcesBuildPhase;
			buildActionMask = 2147483647;
			files = (
				9A0C1D3D1A2E43C900E24CC0 /* ViewController.m in Sources */,
				9A0C1D3A1A2E43C900E24CC0 /* AppDelegate.m in Sources */,
				9A0C1D5C1A2E440200E24CC0 /* SMPAfariaHelper.mm in Sources */,
				9A0C1D371A2E43C900E24CC0 /* main.m in Sources */,
				9A1739C21F1D19CA00A37825 /* SMPKeychainCertProviderPlugin.m in Sources */,
			);
			runOnlyForDeploymentPostprocessing = 0;
		};
/* End PBXSourcesBuildPhase section */

/* Begin PBXVariantGroup section */
		9A0C1D3E1A2E43C900E24CC0 /* Main.storyboard */ = {
			isa = PBXVariantGroup;
			children = (
				9A0C1D3F1A2E43C900E24CC0 /* Base */,
			);
			name = Main.storyboard;
			sourceTree = "<group>";
		};
		9A0C1D431A2E43C900E24CC0 /* LaunchScreen.xib */ = {
			isa = PBXVariantGroup;
			children = (
				9A0C1D441A2E43C900E24CC0 /* Base */,
			);
			name = LaunchScreen.xib;
			sourceTree = "<group>";
		};
/* End PBXVariantGroup section */

/* Begin XCBuildConfiguration section */
		9A0C1D521A2E43C900E24CC0 /* Debug */ = {
			isa = XCBuildConfiguration;
			buildSettings = {
				ALWAYS_SEARCH_USER_PATHS = NO;
				CLANG_CXX_LANGUAGE_STANDARD = "gnu++0x";
				CLANG_CXX_LIBRARY = "libc++";
				CLANG_ENABLE_MODULES = YES;
				CLANG_ENABLE_OBJC_ARC = YES;
				CLANG_WARN_BOOL_CONVERSION = YES;
				CLANG_WARN_CONSTANT_CONVERSION = YES;
				CLANG_WARN_DIRECT_OBJC_ISA_USAGE = YES_ERROR;
				CLANG_WARN_EMPTY_BODY = YES;
				CLANG_WARN_ENUM_CONVERSION = YES;
				CLANG_WARN_INT_CONVERSION = YES;
				CLANG_WARN_OBJC_ROOT_CLASS = YES_ERROR;
				CLANG_WARN_UNREACHABLE_CODE = YES;
				CLANG_WARN__DUPLICATE_METHOD_MATCH = YES;
				"CODE_SIGN_IDENTITY[sdk=iphoneos*]" = "iPhone Developer";
				COPY_PHASE_STRIP = NO;
				ENABLE_STRICT_OBJC_MSGSEND = YES;
				GCC_C_LANGUAGE_STANDARD = gnu99;
				GCC_DYNAMIC_NO_PIC = NO;
				GCC_OPTIMIZATION_LEVEL = 0;
				GCC_PREPROCESSOR_DEFINITIONS = (
					"DEBUG=1",
					"$(inherited)",
				);
				GCC_SYMBOLS_PRIVATE_EXTERN = NO;
				GCC_WARN_64_TO_32_BIT_CONVERSION = YES;
				GCC_WARN_ABOUT_RETURN_TYPE = YES_ERROR;
				GCC_WARN_UNDECLARED_SELECTOR = YES;
				GCC_WARN_UNINITIALIZED_AUTOS = YES_AGGRESSIVE;
				GCC_WARN_UNUSED_FUNCTION = YES;
				GCC_WARN_UNUSED_VARIABLE = YES;
				IPHONEOS_DEPLOYMENT_TARGET = 8.1;
				MTL_ENABLE_DEBUG_INFO = YES;
				ONLY_ACTIVE_ARCH = YES;
				SDKROOT = iphoneos;
				TARGETED_DEVICE_FAMILY = "1,2";
			};
			name = Debug;
		};
		9A0C1D531A2E43C900E24CC0 /* Release */ = {
			isa = XCBuildConfiguration;
			buildSettings = {
				ALWAYS_SEARCH_USER_PATHS = NO;
				CLANG_CXX_LANGUAGE_STANDARD = "gnu++0x";
				CLANG_CXX_LIBRARY = "libc++";
				CLANG_ENABLE_MODULES = YES;
				CLANG_ENABLE_OBJC_ARC = YES;
				CLANG_WARN_BOOL_CONVERSION = YES;
				CLANG_WARN_CONSTANT_CONVERSION = YES;
				CLANG_WARN_DIRECT_OBJC_ISA_USAGE = YES_ERROR;
				CLANG_WARN_EMPTY_BODY = YES;
				CLANG_WARN_ENUM_CONVERSION = YES;
				CLANG_WARN_INT_CONVERSION = YES;
				CLANG_WARN_OBJC_ROOT_CLASS = YES_ERROR;
				CLANG_WARN_UNREACHABLE_CODE = YES;
				CLANG_WARN__DUPLICATE_METHOD_MATCH = YES;
				"CODE_SIGN_IDENTITY[sdk=iphoneos*]" = "iPhone Developer";
				COPY_PHASE_STRIP = YES;
				ENABLE_NS_ASSERTIONS = NO;
				ENABLE_STRICT_OBJC_MSGSEND = YES;
				GCC_C_LANGUAGE_STANDARD = gnu99;
				GCC_WARN_64_TO_32_BIT_CONVERSION = YES;
				GCC_WARN_ABOUT_RETURN_TYPE = YES_ERROR;
				GCC_WARN_UNDECLARED_SELECTOR = YES;
				GCC_WARN_UNINITIALIZED_AUTOS = YES_AGGRESSIVE;
				GCC_WARN_UNUSED_FUNCTION = YES;
				GCC_WARN_UNUSED_VARIABLE = YES;
				IPHONEOS_DEPLOYMENT_TARGET = 8.1;
				MTL_ENABLE_DEBUG_INFO = NO;
				SDKROOT = iphoneos;
				TARGETED_DEVICE_FAMILY = "1,2";
				VALIDATE_PRODUCT = YES;
			};
			name = Release;
		};
		9A0C1D551A2E43C900E24CC0 /* Debug */ = {
			isa = XCBuildConfiguration;
			buildSettings = {
				ASSETCATALOG_COMPILER_APPICON_NAME = AppIcon;
				CODE_SIGN_ENTITLEMENTS = keychainHelper/keychainHelper.entitlements;
				CODE_SIGN_IDENTITY = "iPhone Developer: Haiquan Li (WV2JN948JT)";
				"CODE_SIGN_IDENTITY[sdk=iphoneos*]" = "iPhone Developer";
				DEVELOPMENT_TEAM = 4FE7U4H495;
				INFOPLIST_FILE = keychainHelper/Info.plist;
				LD_RUNPATH_SEARCH_PATHS = "$(inherited) @executable_path/Frameworks";
				PRODUCT_BUNDLE_IDENTIFIER = "";
				PRODUCT_NAME = "$(TARGET_NAME)";
				PROVISIONING_PROFILE = "";
				PROVISIONING_PROFILE_SPECIFIER = "";
			};
			name = Debug;
		};
		9A0C1D561A2E43C900E24CC0 /* Release */ = {
			isa = XCBuildConfiguration;
			buildSettings = {
				ASSETCATALOG_COMPILER_APPICON_NAME = AppIcon;
				CODE_SIGN_ENTITLEMENTS = keychainHelper/keychainHelper.entitlements;
				CODE_SIGN_IDENTITY = "iPhone Developer: Haiquan Li (WV2JN948JT)";
				"CODE_SIGN_IDENTITY[sdk=iphoneos*]" = "iPhone Developer";
				DEVELOPMENT_TEAM = 4FE7U4H495;
				INFOPLIST_FILE = keychainHelper/Info.plist;
				LD_RUNPATH_SEARCH_PATHS = "$(inherited) @executable_path/Frameworks";
				PRODUCT_BUNDLE_IDENTIFIER = "";
				PRODUCT_NAME = "$(TARGET_NAME)";
				PROVISIONING_PROFILE = "";
				PROVISIONING_PROFILE_SPECIFIER = "";
			};
			name = Release;
		};
/* End XCBuildConfiguration section */

/* Begin XCConfigurationList section */
		9A0C1D2C1A2E43C900E24CC0 /* Build configuration list for PBXProject "keychainHelper" */ = {
			isa = XCConfigurationList;
			buildConfigurations = (
				9A0C1D521A2E43C900E24CC0 /* Debug */,
				9A0C1D531A2E43C900E24CC0 /* Release */,
			);
			defaultConfigurationIsVisible = 0;
			defaultConfigurationName = Release;
		};
		9A0C1D541A2E43C900E24CC0 /* Build configuration list for PBXNativeTarget "keychainHelper" */ = {
			isa = XCConfigurationList;
			buildConfigurations = (
				9A0C1D551A2E43C900E24CC0 /* Debug */,
				9A0C1D561A2E43C900E24CC0 /* Release */,
			);
			defaultConfigurationIsVisible = 0;
			defaultConfigurationName = Release;
		};
/* End XCConfigurationList section */
	};
	rootObject = 9A0C1D291A2E43C900E24CC0 /* Project object */;
}
